
Microsoft Visual Studio Solution File, Format Version 12.00
# Visual Studio 15
VisualStudioVersion = 15.0.28010.2026
MinimumVisualStudioVersion = 10.0.40219.1
Project("{FAE04EC0-301F-11D3-BF4B-00C04F79EFBC}") = "Jilvero.Stocks.WindowsService", "Jilvero.Stocks.WindowsService\Jilvero.Stocks.WindowsService.csproj", "{34F0CDF2-30F8-4F39-83B2-1E741700B040}"
EndProject
Global
	GlobalSection(SolutionConfigurationPlatforms) = preSolution
		Debug|Any CPU = Debug|Any CPU
		Release|Any CPU = Release|Any CPU
	EndGlobalSection
	GlobalSection(ProjectConfigurationPlatforms) = postSolution
		{34F0CDF2-30F8-4F39-83B2-1E741700B040}.Debug|Any CPU.ActiveCfg = Debug|Any CPU
		{34F0CDF2-30F8-4F39-83B2-1E741700B040}.Debug|Any CPU.Build.0 = Debug|Any CPU
		{34F0CDF2-30F8-4F39-83B2-1E741700B040}.Release|Any CPU.ActiveCfg = Release|Any CPU
		{34F0CDF2-30F8-4F39-83B2-1E741700B040}.Release|Any CPU.Build.0 = Release|Any CPU
	EndGlobalSection
	GlobalSection(SolutionProperties) = preSolution
		HideSolutionNode = FALSE
	EndGlobalSection
	GlobalSection(ExtensibilityGlobals) = postSolution
		SolutionGuid = {164768D2-42AE-444B-81FB-BDDA59DDEC9F}
	EndGlobalSection
EndGlobal
